
Microsoft Visual Studio Solution File, Format Version 12.00
# Visual Studio Version 17
VisualStudioVersion = 17.5.33516.290
MinimumVisualStudioVersion = 10.0.40219.1
Project("{9A19103F-16F7-4668-BE54-9A1E7A4F7556}") = "parcialUno", "parcialUno.csproj", "{B8F549D7-3039-41AF-8485-FC2B972D3745}"
EndProject
Project("{9A19103F-16F7-4668-BE54-9A1E7A4F7556}") = "biblioteca", "..\biblioteca\biblioteca.csproj", "{72C3B8C1-B114-40EF-85CA-503030B8E2D6}"
EndProject
Project("{FAE04EC0-301F-11D3-BF4B-00C04F79EFBC}") = "TestCompraJoaco", "..\TestCompraJoaco\TestCompraJoaco.csproj", "{4148A5B3-D8C4-4A00-A1E9-CD3AC2190CC5}"
EndProject
Global
	GlobalSection(SolutionConfigurationPlatforms) = preSolution
		Debug|Any CPU = Debug|Any CPU
		Release|Any CPU = Release|Any CPU
	EndGlobalSection
	GlobalSection(ProjectConfigurationPlatforms) = postSolution
		{B8F549D7-3039-41AF-8485-FC2B972D3745}.Debug|Any CPU.ActiveCfg = Debug|Any CPU
		{B8F549D7-3039-41AF-8485-FC2B972D3745}.Debug|Any CPU.Build.0 = Debug|Any CPU
		{B8F549D7-3039-41AF-8485-FC2B972D3745}.Release|Any CPU.ActiveCfg = Release|Any CPU
		{B8F549D7-3039-41AF-8485-FC2B972D3745}.Release|Any CPU.Build.0 = Release|Any CPU
		{72C3B8C1-B114-40EF-85CA-503030B8E2D6}.Debug|Any CPU.ActiveCfg = Debug|Any CPU
		{72C3B8C1-B114-40EF-85CA-503030B8E2D6}.Debug|Any CPU.Build.0 = Debug|Any CPU
		{72C3B8C1-B114-40EF-85CA-503030B8E2D6}.Release|Any CPU.ActiveCfg = Release|Any CPU
		{72C3B8C1-B114-40EF-85CA-503030B8E2D6}.Release|Any CPU.Build.0 = Release|Any CPU
		{4148A5B3-D8C4-4A00-A1E9-CD3AC2190CC5}.Debug|Any CPU.ActiveCfg = Debug|Any CPU
		{4148A5B3-D8C4-4A00-A1E9-CD3AC2190CC5}.Debug|Any CPU.Build.0 = Debug|Any CPU
		{4148A5B3-D8C4-4A00-A1E9-CD3AC2190CC5}.Release|Any CPU.ActiveCfg = Release|Any CPU
		{4148A5B3-D8C4-4A00-A1E9-CD3AC2190CC5}.Release|Any CPU.Build.0 = Release|Any CPU
	EndGlobalSection
	GlobalSection(SolutionProperties) = preSolution
		HideSolutionNode = FALSE
	EndGlobalSection
	GlobalSection(ExtensibilityGlobals) = postSolution
		SolutionGuid = {94556576-C2AB-432A-A1B8-33E157988430}
	EndGlobalSection
EndGlobal
